// !$*UTF8*$!
{
	archiveVersion = 1;
	classes = {
	};
	objectVersion = 46;
	objects = {

/* Begin PBXBuildFile section */
		466AEFBE1DB76F33006A61BB /* AppDelegate.swift in Sources */ = {isa = PBXBuildFile; fileRef = 466AEFBD1DB76F33006A61BB /* AppDelegate.swift */; };
		466AEFC01DB76F33006A61BB /* ViewController.swift in Sources */ = {isa = PBXBuildFile; fileRef = 466AEFBF1DB76F33006A61BB /* ViewController.swift */; };
		466AEFC31DB76F33006A61BB /* Main.storyboard in Resources */ = {isa = PBXBuildFile; fileRef = 466AEFC11DB76F33006A61BB /* Main.storyboard */; };
		466AEFC61DB76F33006A61BB /* meteor.xcdatamodeld in Sources */ = {isa = PBXBuildFile; fileRef = 466AEFC41DB76F33006A61BB /* meteor.xcdatamodeld */; };
		466AEFC81DB76F33006A61BB /* Assets.xcassets in Resources */ = {isa = PBXBuildFile; fileRef = 466AEFC71DB76F33006A61BB /* Assets.xcassets */; };
		466AEFCB1DB76F33006A61BB /* LaunchScreen.storyboard in Resources */ = {isa = PBXBuildFile; fileRef = 466AEFC91DB76F33006A61BB /* LaunchScreen.storyboard */; };
		466AEFD61DB76F33006A61BB /* meteorTests.swift in Sources */ = {isa = PBXBuildFile; fileRef = 466AEFD51DB76F33006A61BB /* meteorTests.swift */; };
		466AEFE11DB76F33006A61BB /* meteorUITests.swift in Sources */ = {isa = PBXBuildFile; fileRef = 466AEFE01DB76F33006A61BB /* meteorUITests.swift */; };
/* End PBXBuildFile section */

/* Begin PBXContainerItemProxy section */
		466AEFD21DB76F33006A61BB /* PBXContainerItemProxy */ = {
			isa = PBXContainerItemProxy;
			containerPortal = 466AEFB21DB76F33006A61BB /* Project object */;
			proxyType = 1;
			remoteGlobalIDString = 466AEFB91DB76F33006A61BB;
			remoteInfo = meteor;
		};
		466AEFDD1DB76F33006A61BB /* PBXContainerItemProxy */ = {
			isa = PBXContainerItemProxy;
			containerPortal = 466AEFB21DB76F33006A61BB /* Project object */;
			proxyType = 1;
			remoteGlobalIDString = 466AEFB91DB76F33006A61BB;
			remoteInfo = meteor;
		};
/* End PBXContainerItemProxy section */

/* Begin PBXFileReference section */
		466AEFBA1DB76F33006A61BB /* meteor.app */ = {isa = PBXFileReference; explicitFileType = wrapper.application; includeInIndex = 0; path = meteor.app; sourceTree = BUILT_PRODUCTS_DIR; };
		466AEFBD1DB76F33006A61BB /* AppDelegate.swift */ = {isa = PBXFileReference; lastKnownFileType = sourcecode.swift; path = AppDelegate.swift; sourceTree = "<group>"; };
		466AEFBF1DB76F33006A61BB /* ViewController.swift */ = {isa = PBXFileReference; lastKnownFileType = sourcecode.swift; path = ViewController.swift; sourceTree = "<group>"; };
		466AEFC21DB76F33006A61BB /* Base */ = {isa = PBXFileReference; lastKnownFileType = file.storyboard; name = Base; path = Base.lproj/Main.storyboard; sourceTree = "<group>"; };
		466AEFC51DB76F33006A61BB /* meteor.xcdatamodel */ = {isa = PBXFileReference; lastKnownFileType = wrapper.xcdatamodel; path = meteor.xcdatamodel; sourceTree = "<group>"; };
		466AEFC71DB76F33006A61BB /* Assets.xcassets */ = {isa = PBXFileReference; lastKnownFileType = folder.assetcatalog; path = Assets.xcassets; sourceTree = "<group>"; };
		466AEFCA1DB76F33006A61BB /* Base */ = {isa = PBXFileReference; lastKnownFileType = file.storyboard; name = Base; path = Base.lproj/LaunchScreen.storyboard; sourceTree = "<group>"; };
		466AEFCC1DB76F33006A61BB /* Info.plist */ = {isa = PBXFileReference; lastKnownFileType = text.plist.xml; path = Info.plist; sourceTree = "<group>"; };
		466AEFD11DB76F33006A61BB /* meteorTests.xctest */ = {isa = PBXFileReference; explicitFileType = wrapper.cfbundle; includeInIndex = 0; path = meteorTests.xctest; sourceTree = BUILT_PRODUCTS_DIR; };
		466AEFD51DB76F33006A61BB /* meteorTests.swift */ = {isa = PBXFileReference; lastKnownFileType = sourcecode.swift; path = meteorTests.swift; sourceTree = "<group>"; };
		466AEFD71DB76F33006A61BB /* Info.plist */ = {isa = PBXFileReference; lastKnownFileType = text.plist.xml; path = Info.plist; sourceTree = "<group>"; };
		466AEFDC1DB76F33006A61BB /* meteorUITests.xctest */ = {isa = PBXFileReference; explicitFileType = wrapper.cfbundle; includeInIndex = 0; path = meteorUITests.xctest; sourceTree = BUILT_PRODUCTS_DIR; };
		466AEFE01DB76F33006A61BB /* meteorUITests.swift */ = {isa = PBXFileReference; lastKnownFileType = sourcecode.swift; path = meteorUITests.swift; sourceTree = "<group>"; };
		466AEFE21DB76F33006A61BB /* Info.plist */ = {isa = PBXFileReference; lastKnownFileType = text.plist.xml; path = Info.plist; sourceTree = "<group>"; };
/* End PBXFileReference section */

/* Begin PBXFrameworksBuildPhase section */
		466AEFB71DB76F33006A61BB /* Frameworks */ = {
			isa = PBXFrameworksBuildPhase;
			buildActionMask = 2147483647;
			files = (
			);
			runOnlyForDeploymentPostprocessing = 0;
		};
		466AEFCE1DB76F33006A61BB /* Frameworks */ = {
			isa = PBXFrameworksBuildPhase;
			buildActionMask = 2147483647;
			files = (
			);
			runOnlyForDeploymentPostprocessing = 0;
		};
		466AEFD91DB76F33006A61BB /* Frameworks */ = {
			isa = PBXFrameworksBuildPhase;
			buildActionMask = 2147483647;
			files = (
			);
			runOnlyForDeploymentPostprocessing = 0;
		};
/* End PBXFrameworksBuildPhase section */

/* Begin PBXGroup section */
		466AEFB11DB76F33006A61BB = {
			isa = PBXGroup;
			children = (
				466AEFBC1DB76F33006A61BB /* meteor */,
				466AEFD41DB76F33006A61BB /* meteorTests */,
				466AEFDF1DB76F33006A61BB /* meteorUITests */,
				466AEFBB1DB76F33006A61BB /* Products */,
			);
			sourceTree = "<group>";
		};
		466AEFBB1DB76F33006A61BB /* Products */ = {
			isa = PBXGroup;
			children = (
				466AEFBA1DB76F33006A61BB /* meteor.app */,
				466AEFD11DB76F33006A61BB /* meteorTests.xctest */,
				466AEFDC1DB76F33006A61BB /* meteorUITests.xctest */,
			);
			name = Products;
			sourceTree = "<group>";
		};
		466AEFBC1DB76F33006A61BB /* meteor */ = {
			isa = PBXGroup;
			children = (
				466AEFBD1DB76F33006A61BB /* AppDelegate.swift */,
				466AEFBF1DB76F33006A61BB /* ViewController.swift */,
				466AEFC11DB76F33006A61BB /* Main.storyboard */,
				466AEFC71DB76F33006A61BB /* Assets.xcassets */,
				466AEFC91DB76F33006A61BB /* LaunchScreen.storyboard */,
				466AEFCC1DB76F33006A61BB /* Info.plist */,
				466AEFC41DB76F33006A61BB /* meteor.xcdatamodeld */,
			);
			path = meteor;
			sourceTree = "<group>";
		};
		466AEFD41DB76F33006A61BB /* meteorTests */ = {
			isa = PBXGroup;
			children = (
				466AEFD51DB76F33006A61BB /* meteorTests.swift */,
				466AEFD71DB76F33006A61BB /* Info.plist */,
			);
			path = meteorTests;
			sourceTree = "<group>";
		};
		466AEFDF1DB76F33006A61BB /* meteorUITests */ = {
			isa = PBXGroup;
			children = (
				466AEFE01DB76F33006A61BB /* meteorUITests.swift */,
				466AEFE21DB76F33006A61BB /* Info.plist */,
			);
			path = meteorUITests;
			sourceTree = "<group>";
		};
/* End PBXGroup section */

/* Begin PBXNativeTarget section */
		466AEFB91DB76F33006A61BB /* meteor */ = {
			isa = PBXNativeTarget;
			buildConfigurationList = 466AEFE51DB76F33006A61BB /* Build configuration list for PBXNativeTarget "meteor" */;
			buildPhases = (
				466AEFB61DB76F33006A61BB /* Sources */,
				466AEFB71DB76F33006A61BB /* Frameworks */,
				466AEFB81DB76F33006A61BB /* Resources */,
			);
			buildRules = (
			);
			dependencies = (
			);
			name = meteor;
			productName = meteor;
			productReference = 466AEFBA1DB76F33006A61BB /* meteor.app */;
			productType = "com.apple.product-type.application";
		};
		466AEFD01DB76F33006A61BB /* meteorTests */ = {
			isa = PBXNativeTarget;
			buildConfigurationList = 466AEFE81DB76F33006A61BB /* Build configuration list for PBXNativeTarget "meteorTests" */;
			buildPhases = (
				466AEFCD1DB76F33006A61BB /* Sources */,
				466AEFCE1DB76F33006A61BB /* Frameworks */,
				466AEFCF1DB76F33006A61BB /* Resources */,
			);
			buildRules = (
			);
			dependencies = (
				466AEFD31DB76F33006A61BB /* PBXTargetDependency */,
			);
			name = meteorTests;
			productName = meteorTests;
			productReference = 466AEFD11DB76F33006A61BB /* meteorTests.xctest */;
			productType = "com.apple.product-type.bundle.unit-test";
		};
		466AEFDB1DB76F33006A61BB /* meteorUITests */ = {
			isa = PBXNativeTarget;
			buildConfigurationList = 466AEFEB1DB76F33006A61BB /* Build configuration list for PBXNativeTarget "meteorUITests" */;
			buildPhases = (
				466AEFD81DB76F33006A61BB /* Sources */,
				466AEFD91DB76F33006A61BB /* Frameworks */,
				466AEFDA1DB76F33006A61BB /* Resources */,
			);
			buildRules = (
			);
			dependencies = (
				466AEFDE1DB76F33006A61BB /* PBXTargetDependency */,
			);
			name = meteorUITests;
			productName = meteorUITests;
			productReference = 466AEFDC1DB76F33006A61BB /* meteorUITests.xctest */;
			productType = "com.apple.product-type.bundle.ui-testing";
		};
/* End PBXNativeTarget section */

/* Begin PBXProject section */
		466AEFB21DB76F33006A61BB /* Project object */ = {
			isa = PBXProject;
			attributes = {
				LastSwiftUpdateCheck = 0730;
				LastUpgradeCheck = 0730;
				ORGANIZATIONNAME = Abhishek;
				TargetAttributes = {
					466AEFB91DB76F33006A61BB = {
						CreatedOnToolsVersion = 7.3.1;
					};
					466AEFD01DB76F33006A61BB = {
						CreatedOnToolsVersion = 7.3.1;
						TestTargetID = 466AEFB91DB76F33006A61BB;
					};
					466AEFDB1DB76F33006A61BB = {
						CreatedOnToolsVersion = 7.3.1;
						TestTargetID = 466AEFB91DB76F33006A61BB;
					};
				};
			};
			buildConfigurationList = 466AEFB51DB76F33006A61BB /* Build configuration list for PBXProject "meteor" */;
			compatibilityVersion = "Xcode 3.2";
			developmentRegion = English;
			hasScannedForEncodings = 0;
			knownRegions = (
				en,
				Base,
			);
			mainGroup = 466AEFB11DB76F33006A61BB;
			productRefGroup = 466AEFBB1DB76F33006A61BB /* Products */;
			projectDirPath = "";
			projectRoot = "";
			targets = (
				466AEFB91DB76F33006A61BB /* meteor */,
				466AEFD01DB76F33006A61BB /* meteorTests */,
				466AEFDB1DB76F33006A61BB /* meteorUITests */,
			);
		};
/* End PBXProject section */

/* Begin PBXResourcesBuildPhase section */
		466AEFB81DB76F33006A61BB /* Resources */ = {
			isa = PBXResourcesBuildPhase;
			buildActionMask = 2147483647;
			files = (
				466AEFCB1DB76F33006A61BB /* LaunchScreen.storyboard in Resources */,
				466AEFC81DB76F33006A61BB /* Assets.xcassets in Resources */,
				466AEFC31DB76F33006A61BB /* Main.storyboard in Resources */,
			);
			runOnlyForDeploymentPostprocessing = 0;
		};
		466AEFCF1DB76F33006A61BB /* Resources */ = {
			isa = PBXResourcesBuildPhase;
			buildActionMask = 2147483647;
			files = (
			);
			runOnlyForDeploymentPostprocessing = 0;
		};
		466AEFDA1DB76F33006A61BB /* Resources */ = {
			isa = PBXResourcesBuildPhase;
			buildActionMask = 2147483647;
			files = (
			);
			runOnlyForDeploymentPostprocessing = 0;
		};
/* End PBXResourcesBuildPhase section */

/* Begin PBXSourcesBuildPhase section */
		466AEFB61DB76F33006A61BB /* Sources */ = {
			isa = PBXSourcesBuildPhase;
			buildActionMask = 2147483647;
			files = (
				466AEFC01DB76F33006A61BB /* ViewController.swift in Sources */,
				466AEFBE1DB76F33006A61BB /* AppDelegate.swift in Sources */,
				466AEFC61DB76F33006A61BB /* meteor.xcdatamodeld in Sources */,
			);
			runOnlyForDeploymentPostprocessing = 0;
		};
		466AEFCD1DB76F33006A61BB /* Sources */ = {
			isa = PBXSourcesBuildPhase;
			buildActionMask = 2147483647;
			files = (
				466AEFD61DB76F33006A61BB /* meteorTests.swift in Sources */,
			);
			runOnlyForDeploymentPostprocessing = 0;
		};
		466AEFD81DB76F33006A61BB /* Sources */ = {
			isa = PBXSourcesBuildPhase;
			buildActionMask = 2147483647;
			files = (
				466AEFE11DB76F33006A61BB /* meteorUITests.swift in Sources */,
			);
			runOnlyForDeploymentPostprocessing = 0;
		};
/* End PBXSourcesBuildPhase section */

/* Begin PBXTargetDependency section */
		466AEFD31DB76F33006A61BB /* PBXTargetDependency */ = {
			isa = PBXTargetDependency;
			target = 466AEFB91DB76F33006A61BB /* meteor */;
			targetProxy = 466AEFD21DB76F33006A61BB /* PBXContainerItemProxy */;
		};
		466AEFDE1DB76F33006A61BB /* PBXTargetDependency */ = {
			isa = PBXTargetDependency;
			target = 466AEFB91DB76F33006A61BB /* meteor */;
			targetProxy = 466AEFDD1DB76F33006A61BB /* PBXContainerItemProxy */;
		};
/* End PBXTargetDependency section */

/* Begin PBXVariantGroup section */
		466AEFC11DB76F33006A61BB /* Main.storyboard */ = {
			isa = PBXVariantGroup;
			children = (
				466AEFC21DB76F33006A61BB /* Base */,
			);
			name = Main.storyboard;
			sourceTree = "<group>";
		};
		466AEFC91DB76F33006A61BB /* LaunchScreen.storyboard */ = {
			isa = PBXVariantGroup;
			children = (
				466AEFCA1DB76F33006A61BB /* Base */,
			);
			name = LaunchScreen.storyboard;
			sourceTree = "<group>";
		};
/* End PBXVariantGroup section */

/* Begin XCBuildConfiguration section */
		466AEFE31DB76F33006A61BB /* Debug */ = {
			isa = XCBuildConfiguration;
			buildSettings = {
				ALWAYS_SEARCH_USER_PATHS = NO;
				CLANG_ANALYZER_NONNULL = YES;
				CLANG_CXX_LANGUAGE_STANDARD = "gnu++0x";
				CLANG_CXX_LIBRARY = "libc++";
				CLANG_ENABLE_MODULES = YES;
				CLANG_ENABLE_OBJC_ARC = YES;
				CLANG_WARN_BOOL_CONVERSION = YES;
				CLANG_WARN_CONSTANT_CONVERSION = YES;
				CLANG_WARN_DIRECT_OBJC_ISA_USAGE = YES_ERROR;
				CLANG_WARN_EMPTY_BODY = YES;
				CLANG_WARN_ENUM_CONVERSION = YES;
				CLANG_WARN_INT_CONVERSION = YES;
				CLANG_WARN_OBJC_ROOT_CLASS = YES_ERROR;
				CLANG_WARN_UNREACHABLE_CODE = YES;
				CLANG_WARN__DUPLICATE_METHOD_MATCH = YES;
				"CODE_SIGN_IDENTITY[sdk=iphoneos*]" = "iPhone Developer";
				COPY_PHASE_STRIP = NO;
				DEBUG_INFORMATION_FORMAT = dwarf;
				ENABLE_STRICT_OBJC_MSGSEND = YES;
				ENABLE_TESTABILITY = YES;
				GCC_C_LANGUAGE_STANDARD = gnu99;
				GCC_DYNAMIC_NO_PIC = NO;
				GCC_NO_COMMON_BLOCKS = YES;
				GCC_OPTIMIZATION_LEVEL = 0;
				GCC_PREPROCESSOR_DEFINITIONS = (
					"DEBUG=1",
					"$(inherited)",
				);
				GCC_WARN_64_TO_32_BIT_CONVERSION = YES;
				GCC_WARN_ABOUT_RETURN_TYPE = YES_ERROR;
				GCC_WARN_UNDECLARED_SELECTOR = YES;
				GCC_WARN_UNINITIALIZED_AUTOS = YES_AGGRESSIVE;
				GCC_WARN_UNUSED_FUNCTION = YES;
				GCC_WARN_UNUSED_VARIABLE = YES;
				IPHONEOS_DEPLOYMENT_TARGET = 9.3;
				MTL_ENABLE_DEBUG_INFO = YES;
				ONLY_ACTIVE_ARCH = YES;
				SDKROOT = iphoneos;
				SWIFT_OPTIMIZATION_LEVEL = "-Onone";
				TARGETED_DEVICE_FAMILY = "1,2";
			};
			name = Debug;
		};
		466AEFE41DB76F33006A61BB /* Release */ = {
			isa = XCBuildConfiguration;
			buildSettings = {
				ALWAYS_SEARCH_USER_PATHS = NO;
				CLANG_ANALYZER_NONNULL = YES;
				CLANG_CXX_LANGUAGE_STANDARD = "gnu++0x";
				CLANG_CXX_LIBRARY = "libc++";
				CLANG_ENABLE_MODULES = YES;
				CLANG_ENABLE_OBJC_ARC = YES;
				CLANG_WARN_BOOL_CONVERSION = YES;
				CLANG_WARN_CONSTANT_CONVERSION = YES;
				CLANG_WARN_DIRECT_OBJC_ISA_USAGE = YES_ERROR;
				CLANG_WARN_EMPTY_BODY = YES;
				CLANG_WARN_ENUM_CONVERSION = YES;
				CLANG_WARN_INT_CONVERSION = YES;
				CLANG_WARN_OBJC_ROOT_CLASS = YES_ERROR;
				CLANG_WARN_UNREACHABLE_CODE = YES;
				CLANG_WARN__DUPLICATE_METHOD_MATCH = YES;
				"CODE_SIGN_IDENTITY[sdk=iphoneos*]" = "iPhone Developer";
				COPY_PHASE_STRIP = NO;
				DEBUG_INFORMATION_FORMAT = "dwarf-with-dsym";
				ENABLE_NS_ASSERTIONS = NO;
				ENABLE_STRICT_OBJC_MSGSEND = YES;
				GCC_C_LANGUAGE_STANDARD = gnu99;
				GCC_NO_COMMON_BLOCKS = YES;
				GCC_WARN_64_TO_32_BIT_CONVERSION = YES;
				GCC_WARN_ABOUT_RETURN_TYPE = YES_ERROR;
				GCC_WARN_UNDECLARED_SELECTOR = YES;
				GCC_WARN_UNINITIALIZED_AUTOS = YES_AGGRESSIVE;
				GCC_WARN_UNUSED_FUNCTION = YES;
				GCC_WARN_UNUSED_VARIABLE = YES;
				IPHONEOS_DEPLOYMENT_TARGET = 9.3;
				MTL_ENABLE_DEBUG_INFO = NO;
				SDKROOT = iphoneos;
				TARGETED_DEVICE_FAMILY = "1,2";
				VALIDATE_PRODUCT = YES;
			};
			name = Release;
		};
		466AEFE61DB76F33006A61BB /* Debug */ = {
			isa = XCBuildConfiguration;
			buildSettings = {
				ASSETCATALOG_COMPILER_APPICON_NAME = AppIcon;
				INFOPLIST_FILE = meteor/Info.plist;
				LD_RUNPATH_SEARCH_PATHS = "$(inherited) @executable_path/Frameworks";
				PRODUCT_BUNDLE_IDENTIFIER = Snapwiz.meteor;
				PRODUCT_NAME = "$(TARGET_NAME)";
			};
			name = Debug;
		};
		466AEFE71DB76F33006A61BB /* Release */ = {
			isa = XCBuildConfiguration;
			buildSettings = {
				ASSETCATALOG_COMPILER_APPICON_NAME = AppIcon;
				INFOPLIST_FILE = meteor/Info.plist;
				LD_RUNPATH_SEARCH_PATHS = "$(inherited) @executable_path/Frameworks";
				PRODUCT_BUNDLE_IDENTIFIER = Snapwiz.meteor;
				PRODUCT_NAME = "$(TARGET_NAME)";
			};
			name = Release;
		};
		466AEFE91DB76F33006A61BB /* Debug */ = {
			isa = XCBuildConfiguration;
			buildSettings = {
				BUNDLE_LOADER = "$(TEST_HOST)";
				INFOPLIST_FILE = meteorTests/Info.plist;
				LD_RUNPATH_SEARCH_PATHS = "$(inherited) @executable_path/Frameworks @loader_path/Frameworks";
				PRODUCT_BUNDLE_IDENTIFIER = Snapwiz.meteorTests;
				PRODUCT_NAME = "$(TARGET_NAME)";
				TEST_HOST = "$(BUILT_PRODUCTS_DIR)/meteor.app/meteor";
			};
			name = Debug;
		};
		466AEFEA1DB76F33006A61BB /* Release */ = {
			isa = XCBuildConfiguration;
			buildSettings = {
				BUNDLE_LOADER = "$(TEST_HOST)";
				INFOPLIST_FILE = meteorTests/Info.plist;
				LD_RUNPATH_SEARCH_PATHS = "$(inherited) @executable_path/Frameworks @loader_path/Frameworks";
				PRODUCT_BUNDLE_IDENTIFIER = Snapwiz.meteorTests;
				PRODUCT_NAME = "$(TARGET_NAME)";
				TEST_HOST = "$(BUILT_PRODUCTS_DIR)/meteor.app/meteor";
			};
			name = Release;
		};
		466AEFEC1DB76F33006A61BB /* Debug */ = {
			isa = XCBuildConfiguration;
			buildSettings = {
				INFOPLIST_FILE = meteorUITests/Info.plist;
				LD_RUNPATH_SEARCH_PATHS = "$(inherited) @executable_path/Frameworks @loader_path/Frameworks";
				PRODUCT_BUNDLE_IDENTIFIER = Snapwiz.meteorUITests;
				PRODUCT_NAME = "$(TARGET_NAME)";
				TEST_TARGET_NAME = meteor;
			};
			name = Debug;
		};
		466AEFED1DB76F33006A61BB /* Release */ = {
			isa = XCBuildConfiguration;
			buildSettings = {
				INFOPLIST_FILE = meteorUITests/Info.plist;
				LD_RUNPATH_SEARCH_PATHS = "$(inherited) @executable_path/Frameworks @loader_path/Frameworks";
				PRODUCT_BUNDLE_IDENTIFIER = Snapwiz.meteorUITests;
				PRODUCT_NAME = "$(TARGET_NAME)";
				TEST_TARGET_NAME = meteor;
			};
			name = Release;
		};
/* End XCBuildConfiguration section */

/* Begin XCConfigurationList section */
		466AEFB51DB76F33006A61BB /* Build configuration list for PBXProject "meteor" */ = {
			isa = XCConfigurationList;
			buildConfigurations = (
				466AEFE31DB76F33006A61BB /* Debug */,
				466AEFE41DB76F33006A61BB /* Release */,
			);
			defaultConfigurationIsVisible = 0;
			defaultConfigurationName = Release;
		};
		466AEFE51DB76F33006A61BB /* Build configuration list for PBXNativeTarget "meteor" */ = {
			isa = XCConfigurationList;
			buildConfigurations = (
				466AEFE61DB76F33006A61BB /* Debug */,
				466AEFE71DB76F33006A61BB /* Release */,
			);
			defaultConfigurationIsVisible = 0;
		};
		466AEFE81DB76F33006A61BB /* Build configuration list for PBXNativeTarget "meteorTests" */ = {
			isa = XCConfigurationList;
			buildConfigurations = (
				466AEFE91DB76F33006A61BB /* Debug */,
				466AEFEA1DB76F33006A61BB /* Release */,
			);
			defaultConfigurationIsVisible = 0;
		};
		466AEFEB1DB76F33006A61BB /* Build configuration list for PBXNativeTarget "meteorUITests" */ = {
			isa = XCConfigurationList;
			buildConfigurations = (
				466AEFEC1DB76F33006A61BB /* Debug */,
				466AEFED1DB76F33006A61BB /* Release */,
			);
			defaultConfigurationIsVisible = 0;
		};
/* End XCConfigurationList section */

/* Begin XCVersionGroup section */
		466AEFC41DB76F33006A61BB /* meteor.xcdatamodeld */ = {
			isa = XCVersionGroup;
			children = (
				466AEFC51DB76F33006A61BB /* meteor.xcdatamodel */,
			);
			currentVersion = 466AEFC51DB76F33006A61BB /* meteor.xcdatamodel */;
			path = meteor.xcdatamodeld;
			sourceTree = "<group>";
			versionGroupType = wrapper.xcdatamodel;
		};
/* End XCVersionGroup section */
	};
	rootObject = 466AEFB21DB76F33006A61BB /* Project object */;
}
